
Microsoft Visual Studio Solution File, Format Version 12.00
# Visual Studio Version 16
VisualStudioVersion = 25.0.1706.6
MinimumVisualStudioVersion = 10.0.40219.1
Project("{FAE04EC0-301F-11D3-BF4B-00C04F79EFBC}") = "WebApi_MongoDb", "WebApi_MongoDb.csproj", "{35283A6F-1A54-4848-9DB7-4891ED4AA698}"
EndProject
Global
	GlobalSection(SolutionConfigurationPlatforms) = preSolution
		Debug|Any CPU = Debug|Any CPU
		Release|Any CPU = Release|Any CPU
	EndGlobalSection
	GlobalSection(ProjectConfigurationPlatforms) = postSolution
		{35283A6F-1A54-4848-9DB7-4891ED4AA698}.Debug|Any CPU.ActiveCfg = Debug|Any CPU
		{35283A6F-1A54-4848-9DB7-4891ED4AA698}.Debug|Any CPU.Build.0 = Debug|Any CPU
		{35283A6F-1A54-4848-9DB7-4891ED4AA698}.Release|Any CPU.ActiveCfg = Release|Any CPU
		{35283A6F-1A54-4848-9DB7-4891ED4AA698}.Release|Any CPU.Build.0 = Release|Any CPU
	EndGlobalSection
	GlobalSection(SolutionProperties) = preSolution
		HideSolutionNode = FALSE
	EndGlobalSection
	GlobalSection(ExtensibilityGlobals) = postSolution
		SolutionGuid = {4B58145C-78DC-4088-897B-EEF5881B70A3}
	EndGlobalSection
EndGlobal
